// !$*UTF8*$!
{
	archiveVersion = 1;
	classes = {
	};
	objectVersion = 48;
	objects = {

/* Begin PBXBuildFile section */
		56ECE4771FED718B00C39B0A /* Cocoa.framework in Frameworks */ = {isa = PBXBuildFile; fileRef = 56ECE4761FED718B00C39B0A /* Cocoa.framework */; };
		56ECE47F1FED718B00C39B0A /* FramesPerSecond.m in Sources */ = {isa = PBXBuildFile; fileRef = 56ECE47E1FED718B00C39B0A /* FramesPerSecond.m */; };
		56ECE5151FED726000C39B0A /* GlyphsCore.framework in Frameworks */ = {isa = PBXBuildFile; fileRef = 56ECE5161FED726000C39B0A /* GlyphsCore.framework */; };
/* End PBXBuildFile section */

/* Begin PBXFileReference section */
		56ECE4731FED718B00C39B0A /* FramesPerSecond.glyphsReporter */ = {isa = PBXFileReference; explicitFileType = wrapper.cfbundle; includeInIndex = 0; path = FramesPerSecond.glyphsReporter; sourceTree = BUILT_PRODUCTS_DIR; };
		56ECE4761FED718B00C39B0A /* Cocoa.framework */ = {isa = PBXFileReference; lastKnownFileType = wrapper.framework; name = Cocoa.framework; path = /System/Library/Frameworks/Cocoa.framework; sourceTree = "<absolute>"; };
		56ECE47D1FED718B00C39B0A /* FramesPerSecond.h */ = {isa = PBXFileReference; lastKnownFileType = sourcecode.c.h; path = FramesPerSecond.h; sourceTree = "<group>"; };
		56ECE47E1FED718B00C39B0A /* FramesPerSecond.m */ = {isa = PBXFileReference; lastKnownFileType = sourcecode.c.objc; path = FramesPerSecond.m; sourceTree = "<group>"; };
		56ECE4811FED718B00C39B0A /* GlyphsCore.framework */ = {isa = PBXFileReference; lastKnownFileType = wrapper.framework; name = GlyphsCore.framework; path = "/Applications/Glyphs 3.app/Contents/Frameworks/GlyphsCore.framework"; sourceTree = "<absolute>"; };
		56ECE4831FED718B00C39B0A /* Info.plist */ = {isa = PBXFileReference; lastKnownFileType = text.plist.xml; path = Info.plist; sourceTree = "<group>"; };
		56ECE5161FED726000C39B0A /* GlyphsCore.framework */ = {isa = PBXFileReference; explicitFileType = wrapper.framework; name = GlyphsCore.framework; path = "/Applications/Glyphs 3.app/Contents/Frameworks/GlyphsCore.framework"; sourceTree = "<absolute>"; };
/* End PBXFileReference section */

/* Begin PBXFrameworksBuildPhase section */
		56ECE4701FED718B00C39B0A /* Frameworks */ = {
			isa = PBXFrameworksBuildPhase;
			buildActionMask = 2147483647;
			files = (
				56ECE5151FED726000C39B0A /* GlyphsCore.framework in Frameworks */,
				56ECE4771FED718B00C39B0A /* Cocoa.framework in Frameworks */,
			);
			runOnlyForDeploymentPostprocessing = 0;
		};
/* End PBXFrameworksBuildPhase section */

/* Begin PBXGroup section */
		56ECE46A1FED718B00C39B0A = {
			isa = PBXGroup;
			children = (
				56ECE4781FED718B00C39B0A /* FramesPerSecond */,
				56ECE4751FED718B00C39B0A /* Frameworks */,
				56ECE4741FED718B00C39B0A /* Products */,
			);
			sourceTree = "<group>";
		};
		56ECE4741FED718B00C39B0A /* Products */ = {
			isa = PBXGroup;
			children = (
				56ECE4731FED718B00C39B0A /* FramesPerSecond.glyphsReporter */,
			);
			name = Products;
			sourceTree = "<group>";
		};
		56ECE4751FED718B00C39B0A /* Frameworks */ = {
			isa = PBXGroup;
			children = (
				56ECE5161FED726000C39B0A /* GlyphsCore.framework */,
				56ECE4761FED718B00C39B0A /* Cocoa.framework */,
			);
			name = Frameworks;
			sourceTree = "<group>";
		};
		56ECE4781FED718B00C39B0A /* FramesPerSecond */ = {
			isa = PBXGroup;
			children = (
				56ECE47D1FED718B00C39B0A /* FramesPerSecond.h */,
				56ECE47E1FED718B00C39B0A /* FramesPerSecond.m */,
				56ECE4831FED718B00C39B0A /* Info.plist */,
				56ECE4801FED718B00C39B0A /* Supporting Files */,
			);
			path = FramesPerSecond;
			sourceTree = "<group>";
		};
		56ECE4801FED718B00C39B0A /* Supporting Files */ = {
			isa = PBXGroup;
			children = (
				56ECE4811FED718B00C39B0A /* GlyphsCore.framework */,
			);
			name = "Supporting Files";
			sourceTree = "<group>";
		};
/* End PBXGroup section */

/* Begin PBXNativeTarget section */
		56ECE4721FED718B00C39B0A /* FramesPerSecond */ = {
			isa = PBXNativeTarget;
			buildConfigurationList = 56ECE4861FED718B00C39B0A /* Build configuration list for PBXNativeTarget "FramesPerSecond" */;
			buildPhases = (
				56ECE46F1FED718B00C39B0A /* Sources */,
				56ECE4701FED718B00C39B0A /* Frameworks */,
				56ECE4711FED718B00C39B0A /* Resources */,
			);
			buildRules = (
			);
			dependencies = (
			);
			name = FramesPerSecond;
			productName = FramesPerSecond;
			productReference = 56ECE4731FED718B00C39B0A /* FramesPerSecond.glyphsReporter */;
			productType = "com.apple.product-type.bundle";
		};
/* End PBXNativeTarget section */

/* Begin PBXProject section */
		56ECE46B1FED718B00C39B0A /* Project object */ = {
			isa = PBXProject;
			attributes = {
				LastUpgradeCheck = 0920;
				ORGANIZATIONNAME = "Georg Seifert";
				TargetAttributes = {
					56ECE4721FED718B00C39B0A = {
						CreatedOnToolsVersion = 9.2;
						ProvisioningStyle = Manual;
					};
				};
			};
			buildConfigurationList = 56ECE46E1FED718B00C39B0A /* Build configuration list for PBXProject "FramesPerSecond" */;
			compatibilityVersion = "Xcode 8.0";
			developmentRegion = en;
			hasScannedForEncodings = 0;
			knownRegions = (
				en,
			);
			mainGroup = 56ECE46A1FED718B00C39B0A;
			productRefGroup = 56ECE4741FED718B00C39B0A /* Products */;
			projectDirPath = "";
			projectRoot = "";
			targets = (
				56ECE4721FED718B00C39B0A /* FramesPerSecond */,
			);
		};
/* End PBXProject section */

/* Begin PBXResourcesBuildPhase section */
		56ECE4711FED718B00C39B0A /* Resources */ = {
			isa = PBXResourcesBuildPhase;
			buildActionMask = 2147483647;
			files = (
			);
			runOnlyForDeploymentPostprocessing = 0;
		};
/* End PBXResourcesBuildPhase section */

/* Begin PBXSourcesBuildPhase section */
		56ECE46F1FED718B00C39B0A /* Sources */ = {
			isa = PBXSourcesBuildPhase;
			buildActionMask = 2147483647;
			files = (
				56ECE47F1FED718B00C39B0A /* FramesPerSecond.m in Sources */,
			);
			runOnlyForDeploymentPostprocessing = 0;
		};
/* End PBXSourcesBuildPhase section */

/* Begin XCBuildConfiguration section */
		56ECE4841FED718B00C39B0A /* Debug */ = {
			isa = XCBuildConfiguration;
			buildSettings = {
				ALWAYS_SEARCH_USER_PATHS = NO;
				CLANG_ANALYZER_NONNULL = YES;
				CLANG_ANALYZER_NUMBER_OBJECT_CONVERSION = YES_AGGRESSIVE;
				CLANG_CXX_LANGUAGE_STANDARD = "gnu++14";
				CLANG_CXX_LIBRARY = "libc++";
				CLANG_ENABLE_MODULES = YES;
				CLANG_ENABLE_OBJC_ARC = YES;
				CLANG_WARN_BLOCK_CAPTURE_AUTORELEASING = YES;
				CLANG_WARN_BOOL_CONVERSION = YES;
				CLANG_WARN_COMMA = YES;
				CLANG_WARN_CONSTANT_CONVERSION = YES;
				CLANG_WARN_DIRECT_OBJC_ISA_USAGE = YES_ERROR;
				CLANG_WARN_DOCUMENTATION_COMMENTS = YES;
				CLANG_WARN_EMPTY_BODY = YES;
				CLANG_WARN_ENUM_CONVERSION = YES;
				CLANG_WARN_INFINITE_RECURSION = YES;
				CLANG_WARN_INT_CONVERSION = YES;
				CLANG_WARN_NON_LITERAL_NULL_CONVERSION = YES;
				CLANG_WARN_OBJC_LITERAL_CONVERSION = YES;
				CLANG_WARN_OBJC_ROOT_CLASS = YES_ERROR;
				CLANG_WARN_RANGE_LOOP_ANALYSIS = YES;
				CLANG_WARN_STRICT_PROTOTYPES = YES;
				CLANG_WARN_SUSPICIOUS_MOVE = YES;
				CLANG_WARN_UNGUARDED_AVAILABILITY = YES_AGGRESSIVE;
				CLANG_WARN_UNREACHABLE_CODE = YES;
				CLANG_WARN__DUPLICATE_METHOD_MATCH = YES;
				COPY_PHASE_STRIP = NO;
				DEBUG_INFORMATION_FORMAT = dwarf;
				ENABLE_STRICT_OBJC_MSGSEND = YES;
				ENABLE_TESTABILITY = YES;
				GCC_C_LANGUAGE_STANDARD = gnu11;
				GCC_DYNAMIC_NO_PIC = NO;
				GCC_NO_COMMON_BLOCKS = YES;
				GCC_OPTIMIZATION_LEVEL = 0;
				GCC_PREPROCESSOR_DEFINITIONS = (
					"DEBUG=1",
					"$(inherited)",
				);
				GCC_WARN_64_TO_32_BIT_CONVERSION = YES;
				GCC_WARN_ABOUT_RETURN_TYPE = YES_ERROR;
				GCC_WARN_UNDECLARED_SELECTOR = YES;
				GCC_WARN_UNINITIALIZED_AUTOS = YES_AGGRESSIVE;
				GCC_WARN_UNUSED_FUNCTION = YES;
				GCC_WARN_UNUSED_VARIABLE = YES;
				MTL_ENABLE_DEBUG_INFO = YES;
				ONLY_ACTIVE_ARCH = YES;
			};
			name = Debug;
		};
		56ECE4851FED718B00C39B0A /* Release */ = {
			isa = XCBuildConfiguration;
			buildSettings = {
				ALWAYS_SEARCH_USER_PATHS = NO;
				CLANG_ANALYZER_NONNULL = YES;
				CLANG_ANALYZER_NUMBER_OBJECT_CONVERSION = YES_AGGRESSIVE;
				CLANG_CXX_LANGUAGE_STANDARD = "gnu++14";
				CLANG_CXX_LIBRARY = "libc++";
				CLANG_ENABLE_MODULES = YES;
				CLANG_ENABLE_OBJC_ARC = YES;
				CLANG_WARN_BLOCK_CAPTURE_AUTORELEASING = YES;
				CLANG_WARN_BOOL_CONVERSION = YES;
				CLANG_WARN_COMMA = YES;
				CLANG_WARN_CONSTANT_CONVERSION = YES;
				CLANG_WARN_DIRECT_OBJC_ISA_USAGE = YES_ERROR;
				CLANG_WARN_DOCUMENTATION_COMMENTS = YES;
				CLANG_WARN_EMPTY_BODY = YES;
				CLANG_WARN_ENUM_CONVERSION = YES;
				CLANG_WARN_INFINITE_RECURSION = YES;
				CLANG_WARN_INT_CONVERSION = YES;
				CLANG_WARN_NON_LITERAL_NULL_CONVERSION = YES;
				CLANG_WARN_OBJC_LITERAL_CONVERSION = YES;
				CLANG_WARN_OBJC_ROOT_CLASS = YES_ERROR;
				CLANG_WARN_RANGE_LOOP_ANALYSIS = YES;
				CLANG_WARN_STRICT_PROTOTYPES = YES;
				CLANG_WARN_SUSPICIOUS_MOVE = YES;
				CLANG_WARN_UNGUARDED_AVAILABILITY = YES_AGGRESSIVE;
				CLANG_WARN_UNREACHABLE_CODE = YES;
				CLANG_WARN__DUPLICATE_METHOD_MATCH = YES;
				COPY_PHASE_STRIP = NO;
				DEBUG_INFORMATION_FORMAT = "dwarf-with-dsym";
				ENABLE_NS_ASSERTIONS = NO;
				ENABLE_STRICT_OBJC_MSGSEND = YES;
				GCC_C_LANGUAGE_STANDARD = gnu11;
				GCC_NO_COMMON_BLOCKS = YES;
				GCC_WARN_64_TO_32_BIT_CONVERSION = YES;
				GCC_WARN_ABOUT_RETURN_TYPE = YES_ERROR;
				GCC_WARN_UNDECLARED_SELECTOR = YES;
				GCC_WARN_UNINITIALIZED_AUTOS = YES_AGGRESSIVE;
				GCC_WARN_UNUSED_FUNCTION = YES;
				GCC_WARN_UNUSED_VARIABLE = YES;
				MTL_ENABLE_DEBUG_INFO = NO;
			};
			name = Release;
		};
		56ECE4871FED718B00C39B0A /* Debug */ = {
			isa = XCBuildConfiguration;
			buildSettings = {
				CODE_SIGN_IDENTITY = "";
				CODE_SIGN_STYLE = Manual;
				COMBINE_HIDPI_IMAGES = YES;
				CURRENT_PROJECT_VERSION = 4;
				DEPLOYMENT_LOCATION = YES;
				DSTROOT = "$(USER_LIBRARY_DIR)/Application Support/Glyphs 3/Plugins";
				FRAMEWORK_SEARCH_PATHS = "\"$(SYSTEM_APPS_DIR)/Glyphs 3.app/Contents/Frameworks\"";
				INFOPLIST_FILE = FramesPerSecond/Info.plist;
				INSTALL_PATH = /;
				MACOSX_DEPLOYMENT_TARGET = 10.11;
				MARKETING_VERSION = 1.1;
				PRODUCT_BUNDLE_IDENTIFIER = com.schriftgestaltung.FramesPerSecond;
				PRODUCT_NAME = "$(TARGET_NAME)";
				WRAPPER_EXTENSION = glyphsReporter;
			};
			name = Debug;
		};
		56ECE4881FED718B00C39B0A /* Release */ = {
			isa = XCBuildConfiguration;
			buildSettings = {
				CODE_SIGN_IDENTITY = "";
				CODE_SIGN_STYLE = Manual;
				COMBINE_HIDPI_IMAGES = YES;
				CURRENT_PROJECT_VERSION = 4;
				FRAMEWORK_SEARCH_PATHS = "\"$(SYSTEM_APPS_DIR)/Glyphs 3.app/Contents/Frameworks\"";
				INFOPLIST_FILE = FramesPerSecond/Info.plist;
				INSTALL_PATH = /;
				MACOSX_DEPLOYMENT_TARGET = 10.11;
				MARKETING_VERSION = 1.1;
				PRODUCT_BUNDLE_IDENTIFIER = com.schriftgestaltung.FramesPerSecond;
				PRODUCT_NAME = "$(TARGET_NAME)";
				SKIP_INSTALL = NO;
				WRAPPER_EXTENSION = glyphsReporter;
			};
			name = Release;
		};
/* End XCBuildConfiguration section */

/* Begin XCConfigurationList section */
		56ECE46E1FED718B00C39B0A /* Build configuration list for PBXProject "FramesPerSecond" */ = {
			isa = XCConfigurationList;
			buildConfigurations = (
				56ECE4841FED718B00C39B0A /* Debug */,
				56ECE4851FED718B00C39B0A /* Release */,
			);
			defaultConfigurationIsVisible = 0;
			defaultConfigurationName = Release;
		};
		56ECE4861FED718B00C39B0A /* Build configuration list for PBXNativeTarget "FramesPerSecond" */ = {
			isa = XCConfigurationList;
			buildConfigurations = (
				56ECE4871FED718B00C39B0A /* Debug */,
				56ECE4881FED718B00C39B0A /* Release */,
			);
			defaultConfigurationIsVisible = 0;
			defaultConfigurationName = Release;
		};
/* End XCConfigurationList section */
	};
	rootObject = 56ECE46B1FED718B00C39B0A /* Project object */;
}
